# Fully-resolved, pinned dependency set for LINUX / Python 3.12 / CPU-only torch.
# Generated from requirements.txt - do not edit by hand. Regenerate with:
#   uv pip compile requirements.txt -o requirements.lock --python-platform linux --python-version 3.12 \
#     --index-url https://pypi.org/simple --extra-index-url https://download.pytorch.org/whl/cpu \
#     --index-strategy unsafe-best-match --no-header
# Install with:  pip install --extra-index-url https://download.pytorch.org/whl/cpu -r requirements.lock
# Audit with:    pip-audit --strict --no-deps --disable-pip -r requirements.lock   (see ADR-0027)
annotated-doc==0.0.5
    # via
    #   fastapi
    #   typer
annotated-types==0.8.0
    # via pydantic
anyio==4.15.1
    # via
    #   httpx
    #   starlette
    #   watchfiles
arxiv==4.0.1
    # via -r requirements.txt
certifi==2026.7.22
    # via
    #   httpcore
    #   httpx
    #   requests
cffi==2.1.1
    # via cryptography
charset-normalizer==3.5.1
    # via
    #   pdfminer-six
    #   requests
click==8.5.0
    # via
    #   huggingface-hub
    #   uvicorn
cloudpickle==3.1.2
    # via joblib
cryptography==50.0.1
    # via
    #   pdfminer-six
    #   pyjwt
fastapi==0.141.1
    # via -r requirements.txt
filelock==3.32.5
    # via
    #   huggingface-hub
    #   torch
fsspec==2026.7.0
    # via
    #   huggingface-hub
    #   torch
h11==0.16.0
    # via
    #   httpcore
    #   uvicorn
hf-xet==1.6.0
    # via huggingface-hub
httpcore==1.0.9
    # via httpx
httptools==0.8.0
    # via uvicorn
httpx==0.28.1
    # via huggingface-hub
huggingface-hub==1.30.0
    # via
    #   sentence-transformers
    #   tokenizers
    #   transformers
idna==3.19
    # via
    #   anyio
    #   httpx
    #   requests
jinja2==3.1.6
    # via torch
joblib==1.6.0
    # via scikit-learn
langdetect==1.0.9
    # via -r requirements.txt
lxml==6.1.3
    # via arxiv
markdown-it-py==4.2.0
    # via rich
markupsafe==3.0.3
    # via jinja2
mdurl==0.1.2
    # via markdown-it-py
mpmath==1.3.0
    # via sympy
narwhals==2.25.0
    # via scikit-learn
networkx==3.6.1
    # via torch
numpy==1.26.4
    # via
    #   -r requirements.txt
    #   scikit-learn
    #   scipy
    #   sentence-transformers
    #   transformers
packaging==26.3
    # via
    #   huggingface-hub
    #   transformers
pdfminer-six==20260107
    # via pdfplumber
pdfplumber==0.11.10
    # via -r requirements.txt
pillow==12.3.0
    # via pdfplumber
psycopg==3.3.5
    # via -r requirements.txt
psycopg-binary==3.3.5
    # via psycopg
psycopg-pool==3.3.1
    # via -r requirements.txt
pycparser==3.0
    # via cffi
pydantic==2.13.5
    # via
    #   fastapi
    #   pydantic-settings
pydantic-core==2.46.5
    # via pydantic
pydantic-settings==2.15.0
    # via -r requirements.txt
pygments==2.21.0
    # via rich
pyjwt==2.13.0
    # via -r requirements.txt
pymupdf==1.28.2
    # via -r requirements.txt
pypdfium2==5.13.0
    # via pdfplumber
python-dotenv==1.2.3
    # via
    #   -r requirements.txt
    #   pydantic-settings
    #   uvicorn
python-multipart==0.0.32
    # via -r requirements.txt
pyyaml==6.0.3
    # via
    #   huggingface-hub
    #   transformers
    #   uvicorn
regex==2026.9.3
    # via transformers
requests==2.34.2
    # via
    #   -r requirements.txt
    #   arxiv
rich==15.0.0
    # via typer
safetensors==0.8.0
    # via transformers
scikit-learn==1.9.0
    # via
    #   -r requirements.txt
    #   sentence-transformers
scipy==1.17.1
    # via
    #   scikit-learn
    #   sentence-transformers
sentence-transformers==6.0.0
    # via -r requirements.txt
setuptools==84.0.0
    # via torch
shellingham==1.5.4
    # via typer
six==1.17.0
    # via langdetect
starlette==1.6.0
    # via fastapi
sympy==1.14.0
    # via torch
threadpoolctl==3.6.0
    # via scikit-learn
tokenizers==0.23.2
    # via
    #   sentence-transformers
    #   transformers
torch==2.14.0+cpu
    # via sentence-transformers
tqdm==4.70.0
    # via
    #   huggingface-hub
    #   sentence-transformers
    #   transformers
transformers==5.16.1
    # via sentence-transformers
typer==0.27.2
    # via transformers
typing-extensions==4.16.0
    # via
    #   anyio
    #   fastapi
    #   huggingface-hub
    #   psycopg
    #   psycopg-pool
    #   pydantic
    #   pydantic-core
    #   sentence-transformers
    #   starlette
    #   torch
    #   typing-inspection
typing-inspection==0.4.4
    # via
    #   fastapi
    #   pydantic
    #   pydantic-settings
urllib3==2.7.0
    # via requests
uvicorn==0.30.0
    # via -r requirements.txt
uvloop==0.22.1
    # via uvicorn
watchfiles==1.2.0
    # via uvicorn
websockets==17.1
    # via uvicorn
